
Microsoft Visual Studio Solution File, Format Version 12.00
# Visual Studio 15
Project("{FAE04EC0-301F-11D3-BF4B-00C04F79EFBC}") = "trustlaneweb", "trustlaneweb.csproj", "{28E291E4-36E5-446D-8B9B-D7F9206E0D64}"
EndProject
Project("{2150E333-8FDC-42A3-9474-1A3956D46DE8}") = "Utilities", "Utilities", "{4550F03A-39ED-4015-98AC-A178061C50BB}"
EndProject
Project("{FAE04EC0-301F-11D3-BF4B-00C04F79EFBC}") = "EasyFSLMAllocations", "..\Utilities\EasyFSLMAllocations\EasyFSLMAllocations.csproj", "{91F5CA13-2197-47B2-A413-5DC2FA130B98}"
EndProject
Global
	GlobalSection(SolutionConfigurationPlatforms) = preSolution
		Debug|Any CPU = Debug|Any CPU
		Release|Any CPU = Release|Any CPU
	EndGlobalSection
	GlobalSection(ProjectConfigurationPlatforms) = postSolution
		{28E291E4-36E5-446D-8B9B-D7F9206E0D64}.Debug|Any CPU.ActiveCfg = Debug|Any CPU
		{28E291E4-36E5-446D-8B9B-D7F9206E0D64}.Debug|Any CPU.Build.0 = Debug|Any CPU
		{28E291E4-36E5-446D-8B9B-D7F9206E0D64}.Release|Any CPU.ActiveCfg = Release|Any CPU
		{28E291E4-36E5-446D-8B9B-D7F9206E0D64}.Release|Any CPU.Build.0 = Release|Any CPU
		{91F5CA13-2197-47B2-A413-5DC2FA130B98}.Debug|Any CPU.ActiveCfg = Debug|Any CPU
		{91F5CA13-2197-47B2-A413-5DC2FA130B98}.Debug|Any CPU.Build.0 = Debug|Any CPU
		{91F5CA13-2197-47B2-A413-5DC2FA130B98}.Release|Any CPU.ActiveCfg = Release|Any CPU
		{91F5CA13-2197-47B2-A413-5DC2FA130B98}.Release|Any CPU.Build.0 = Release|Any CPU
	EndGlobalSection
	GlobalSection(NestedProjects) = preSolution
		{91F5CA13-2197-47B2-A413-5DC2FA130B98} = {4550F03A-39ED-4015-98AC-A178061C50BB}
	EndGlobalSection
EndGlobal
